schema: '2.0'
stages:
  train_residual:
    cmd: "python src/ai/train.py --lr 0.0001 --batch_size 256 --constructor ResidualNetwork
      --all_data\n"
    deps:
    - path: data/CIC
      hash: md5
      md5: 156288f239eac5280d472ca6ca93db93.dir
      size: 1138872625
      nfiles: 8
    - path: src/ai/train.py
      hash: md5
      md5: d27fef3efbee51b4b2069326d56887ad
      size: 3474
    outs:
    - path: data/checkpoints/ResidualNetwork.ckpt
      hash: md5
      md5: aa4b64849275abb0c04bb91113b4560e
      size: 1813022
    - path: dvclive/metrics.json
      hash: md5
      md5: 171301abf1bd318e774376fd7e3c2345
      size: 311
